{
  "name": "style-object",
  "version": "1.0.0",
  "lockfileVersion": 1,
  "requires": true,
  "dependencies": {
    "dashify": {
      "version": "0.1.0",
      "resolved": "https://registry.npmjs.org/dashify/-/dashify-0.1.0.tgz",
      "integrity": "sha1-EH2vnMpeMm4wqLOf+lBItmhJIuo="
    },
    "inline-style": {
      "version": "2.0.0",
      "resolved": "https://registry.npmjs.org/inline-style/-/inline-style-2.0.0.tgz",
      "integrity": "sha1-L6nPYkWWqBCTVbklCU4Ti71eops=",
      "requires": {
        "dashify": "^0.1.0"
      }
    }
  }
}
